// !$*UTF8*$!
{
	archiveVersion = 1;
	classes = {
	};
	objectVersion = 46;
	objects = {

/* Begin PBXBuildFile section */
		65129BA416E7065F00F2B506 /* DAO.m in Sources */ = {isa = PBXBuildFile; fileRef = 65129BA316E7065F00F2B506 /* DAO.m */; };
		65129BAB16E7072C00F2B506 /* libsqlite3.dylib in Frameworks */ = {isa = PBXBuildFile; fileRef = 65129BAA16E7072C00F2B506 /* libsqlite3.dylib */; };
		6553B08C16F02811004125D4 /* ServicesCollectionViewController.m in Sources */ = {isa = PBXBuildFile; fileRef = 6553B08B16F02811004125D4 /* ServicesCollectionViewController.m */; };
		6553B09016F02948004125D4 /* footer_banner.png in Resources */ = {isa = PBXBuildFile; fileRef = 6553B08E16F02948004125D4 /* footer_banner.png */; };
		6553B09116F02948004125D4 /* header_banner.png in Resources */ = {isa = PBXBuildFile; fileRef = 6553B08F16F02948004125D4 /* header_banner.png */; };
		6553B09416F02ADF004125D4 /* ServicesCollectionHeaderView.m in Sources */ = {isa = PBXBuildFile; fileRef = 6553B09316F02ADF004125D4 /* ServicesCollectionHeaderView.m */; };
		6553B0A416F03104004125D4 /* angry_birds_cake.jpg in Resources */ = {isa = PBXBuildFile; fileRef = 6553B09516F03104004125D4 /* angry_birds_cake.jpg */; };
		6553B0A516F03104004125D4 /* creme_brelee.jpg in Resources */ = {isa = PBXBuildFile; fileRef = 6553B09616F03104004125D4 /* creme_brelee.jpg */; };
		6553B0A616F03104004125D4 /* egg_benedict.jpg in Resources */ = {isa = PBXBuildFile; fileRef = 6553B09716F03104004125D4 /* egg_benedict.jpg */; };
		6553B0A716F03104004125D4 /* full_breakfast.jpg in Resources */ = {isa = PBXBuildFile; fileRef = 6553B09816F03104004125D4 /* full_breakfast.jpg */; };
		6553B0A816F03104004125D4 /* ham_and_cheese_panini.jpg in Resources */ = {isa = PBXBuildFile; fileRef = 6553B09916F03104004125D4 /* ham_and_cheese_panini.jpg */; };
		6553B0A916F03104004125D4 /* ham_and_egg_sandwich.jpg in Resources */ = {isa = PBXBuildFile; fileRef = 6553B09A16F03104004125D4 /* ham_and_egg_sandwich.jpg */; };
		6553B0AA16F03104004125D4 /* hamburger.jpg in Resources */ = {isa = PBXBuildFile; fileRef = 6553B09B16F03104004125D4 /* hamburger.jpg */; };
		6553B0AB16F03104004125D4 /* instant_noodle_with_egg.jpg in Resources */ = {isa = PBXBuildFile; fileRef = 6553B09C16F03104004125D4 /* instant_noodle_with_egg.jpg */; };
		6553B0AC16F03104004125D4 /* japanese_noodle_with_pork.jpg in Resources */ = {isa = PBXBuildFile; fileRef = 6553B09D16F03104004125D4 /* japanese_noodle_with_pork.jpg */; };
		6553B0AD16F03104004125D4 /* mushroom_risotto.jpg in Resources */ = {isa = PBXBuildFile; fileRef = 6553B09E16F03104004125D4 /* mushroom_risotto.jpg */; };
		6553B0AE16F03104004125D4 /* noodle_with_bbq_pork.jpg in Resources */ = {isa = PBXBuildFile; fileRef = 6553B09F16F03104004125D4 /* noodle_with_bbq_pork.jpg */; };
		6553B0AF16F03104004125D4 /* starbucks_coffee.jpg in Resources */ = {isa = PBXBuildFile; fileRef = 6553B0A016F03104004125D4 /* starbucks_coffee.jpg */; };
		6553B0B016F03104004125D4 /* thai_shrimp_cake.jpg in Resources */ = {isa = PBXBuildFile; fileRef = 6553B0A116F03104004125D4 /* thai_shrimp_cake.jpg */; };
		6553B0B116F03104004125D4 /* vegetable_curry.jpg in Resources */ = {isa = PBXBuildFile; fileRef = 6553B0A216F03104004125D4 /* vegetable_curry.jpg */; };
		6553B0B216F03104004125D4 /* white_chocolate_donut.jpg in Resources */ = {isa = PBXBuildFile; fileRef = 6553B0A316F03104004125D4 /* white_chocolate_donut.jpg */; };
		6553B0B616F03202004125D4 /* photo-frame-selected.png in Resources */ = {isa = PBXBuildFile; fileRef = 6553B0B316F03201004125D4 /* photo-frame-selected.png */; };
		6553B0B716F03202004125D4 /* photo-frame.png in Resources */ = {isa = PBXBuildFile; fileRef = 6553B0B416F03201004125D4 /* photo-frame.png */; };
		6553B0B816F03202004125D4 /* photo-frame@2x.png in Resources */ = {isa = PBXBuildFile; fileRef = 6553B0B516F03201004125D4 /* photo-frame@2x.png */; };
		6553B0BB16F039E2004125D4 /* ServicesDetailViewController.m in Sources */ = {isa = PBXBuildFile; fileRef = 6553B0BA16F039E2004125D4 /* ServicesDetailViewController.m */; };
		6580AED716DEEF6E0051F1FB /* UIKit.framework in Frameworks */ = {isa = PBXBuildFile; fileRef = 6580AED616DEEF6E0051F1FB /* UIKit.framework */; };
		6580AED916DEEF6E0051F1FB /* Foundation.framework in Frameworks */ = {isa = PBXBuildFile; fileRef = 6580AED816DEEF6E0051F1FB /* Foundation.framework */; };
		6580AEDB16DEEF6E0051F1FB /* CoreGraphics.framework in Frameworks */ = {isa = PBXBuildFile; fileRef = 6580AEDA16DEEF6E0051F1FB /* CoreGraphics.framework */; };
		6580AEE116DEEF6E0051F1FB /* InfoPlist.strings in Resources */ = {isa = PBXBuildFile; fileRef = 6580AEDF16DEEF6E0051F1FB /* InfoPlist.strings */; };
		6580AEE316DEEF6E0051F1FB /* main.m in Sources */ = {isa = PBXBuildFile; fileRef = 6580AEE216DEEF6E0051F1FB /* main.m */; };
		6580AEE716DEEF6E0051F1FB /* AppDelegate.m in Sources */ = {isa = PBXBuildFile; fileRef = 6580AEE616DEEF6E0051F1FB /* AppDelegate.m */; };
		6580AEE916DEEF6E0051F1FB /* Default.png in Resources */ = {isa = PBXBuildFile; fileRef = 6580AEE816DEEF6E0051F1FB /* Default.png */; };
		6580AEEB16DEEF6E0051F1FB /* Default@2x.png in Resources */ = {isa = PBXBuildFile; fileRef = 6580AEEA16DEEF6E0051F1FB /* Default@2x.png */; };
		6580AEED16DEEF6E0051F1FB /* Default-568h@2x.png in Resources */ = {isa = PBXBuildFile; fileRef = 6580AEEC16DEEF6E0051F1FB /* Default-568h@2x.png */; };
		6580AEF016DEEF6E0051F1FB /* MainStoryboard.storyboard in Resources */ = {isa = PBXBuildFile; fileRef = 6580AEEE16DEEF6E0051F1FB /* MainStoryboard.storyboard */; };
		6580AEF316DEEF6E0051F1FB /* FirstViewController.m in Sources */ = {isa = PBXBuildFile; fileRef = 6580AEF216DEEF6E0051F1FB /* FirstViewController.m */; };
		6580AEF516DEEF6E0051F1FB /* first.png in Resources */ = {isa = PBXBuildFile; fileRef = 6580AEF416DEEF6E0051F1FB /* first.png */; };
		6580AEF716DEEF6E0051F1FB /* first@2x.png in Resources */ = {isa = PBXBuildFile; fileRef = 6580AEF616DEEF6E0051F1FB /* first@2x.png */; };
		6580AEFA16DEEF6E0051F1FB /* SecondViewController.m in Sources */ = {isa = PBXBuildFile; fileRef = 6580AEF916DEEF6E0051F1FB /* SecondViewController.m */; };
		6580AEFC16DEEF6E0051F1FB /* second.png in Resources */ = {isa = PBXBuildFile; fileRef = 6580AEFB16DEEF6E0051F1FB /* second.png */; };
		6580AEFE16DEEF6E0051F1FB /* second@2x.png in Resources */ = {isa = PBXBuildFile; fileRef = 6580AEFD16DEEF6E0051F1FB /* second@2x.png */; };
		6580AF0616DEF00A0051F1FB /* ThirdViewController.m in Sources */ = {isa = PBXBuildFile; fileRef = 6580AF0516DEF00A0051F1FB /* ThirdViewController.m */; };
		6580AF0916DEF0160051F1FB /* FourthViewController.m in Sources */ = {isa = PBXBuildFile; fileRef = 6580AF0816DEF0160051F1FB /* FourthViewController.m */; };
		6580AF0C16DEF3570051F1FB /* fourth.png in Resources */ = {isa = PBXBuildFile; fileRef = 6580AF0A16DEF3560051F1FB /* fourth.png */; };
		6580AF0D16DEF3570051F1FB /* fourth@2x.png in Resources */ = {isa = PBXBuildFile; fileRef = 6580AF0B16DEF3570051F1FB /* fourth@2x.png */; };
		6580AF1016DEF35E0051F1FB /* third.png in Resources */ = {isa = PBXBuildFile; fileRef = 6580AF0E16DEF35E0051F1FB /* third.png */; };
		6580AF1116DEF35E0051F1FB /* third@2x.png in Resources */ = {isa = PBXBuildFile; fileRef = 6580AF0F16DEF35E0051F1FB /* third@2x.png */; };
		65CC2DB916F7F93D00DAD951 /* ContactDetailViewController.m in Sources */ = {isa = PBXBuildFile; fileRef = 65CC2DB816F7F93D00DAD951 /* ContactDetailViewController.m */; };
		65CC2DBC16F808AC00DAD951 /* MessageUI.framework in Frameworks */ = {isa = PBXBuildFile; fileRef = 65CC2DBB16F808AC00DAD951 /* MessageUI.framework */; };
		65D4796616E57C3C00A48D07 /* Gig.m in Sources */ = {isa = PBXBuildFile; fileRef = 65D4796516E57C3C00A48D07 /* Gig.m */; };
		65D4796A16E597D500A48D07 /* green_tea.jpg in Resources */ = {isa = PBXBuildFile; fileRef = 65D4796916E597D500A48D07 /* green_tea.jpg */; };
		65D4796D16E5ACE600A48D07 /* GigDetailViewController.m in Sources */ = {isa = PBXBuildFile; fileRef = 65D4796C16E5ACE600A48D07 /* GigDetailViewController.m */; };
/* End PBXBuildFile section */

/* Begin PBXFileReference section */
		65129BA216E7065F00F2B506 /* DAO.h */ = {isa = PBXFileReference; fileEncoding = 4; lastKnownFileType = sourcecode.c.h; path = DAO.h; sourceTree = "<group>"; };
		65129BA316E7065F00F2B506 /* DAO.m */ = {isa = PBXFileReference; fileEncoding = 4; lastKnownFileType = sourcecode.c.objc; path = DAO.m; sourceTree = "<group>"; };
		65129BAA16E7072C00F2B506 /* libsqlite3.dylib */ = {isa = PBXFileReference; lastKnownFileType = "compiled.mach-o.dylib"; name = libsqlite3.dylib; path = usr/lib/libsqlite3.dylib; sourceTree = SDKROOT; };
		6553B08A16F02811004125D4 /* ServicesCollectionViewController.h */ = {isa = PBXFileReference; fileEncoding = 4; lastKnownFileType = sourcecode.c.h; path = ServicesCollectionViewController.h; sourceTree = "<group>"; };
		6553B08B16F02811004125D4 /* ServicesCollectionViewController.m */ = {isa = PBXFileReference; fileEncoding = 4; lastKnownFileType = sourcecode.c.objc; path = ServicesCollectionViewController.m; sourceTree = "<group>"; };
		6553B08E16F02948004125D4 /* footer_banner.png */ = {isa = PBXFileReference; lastKnownFileType = image.png; path = footer_banner.png; sourceTree = "<group>"; };
		6553B08F16F02948004125D4 /* header_banner.png */ = {isa = PBXFileReference; lastKnownFileType = image.png; path = header_banner.png; sourceTree = "<group>"; };
		6553B09216F02ADF004125D4 /* ServicesCollectionHeaderView.h */ = {isa = PBXFileReference; fileEncoding = 4; lastKnownFileType = sourcecode.c.h; path = ServicesCollectionHeaderView.h; sourceTree = "<group>"; };
		6553B09316F02ADF004125D4 /* ServicesCollectionHeaderView.m */ = {isa = PBXFileReference; fileEncoding = 4; lastKnownFileType = sourcecode.c.objc; path = ServicesCollectionHeaderView.m; sourceTree = "<group>"; };
		6553B09516F03104004125D4 /* angry_birds_cake.jpg */ = {isa = PBXFileReference; lastKnownFileType = image.jpeg; path = angry_birds_cake.jpg; sourceTree = "<group>"; };
		6553B09616F03104004125D4 /* creme_brelee.jpg */ = {isa = PBXFileReference; lastKnownFileType = image.jpeg; path = creme_brelee.jpg; sourceTree = "<group>"; };
		6553B09716F03104004125D4 /* egg_benedict.jpg */ = {isa = PBXFileReference; lastKnownFileType = image.jpeg; path = egg_benedict.jpg; sourceTree = "<group>"; };
		6553B09816F03104004125D4 /* full_breakfast.jpg */ = {isa = PBXFileReference; lastKnownFileType = image.jpeg; path = full_breakfast.jpg; sourceTree = "<group>"; };
		6553B09916F03104004125D4 /* ham_and_cheese_panini.jpg */ = {isa = PBXFileReference; lastKnownFileType = image.jpeg; path = ham_and_cheese_panini.jpg; sourceTree = "<group>"; };
		6553B09A16F03104004125D4 /* ham_and_egg_sandwich.jpg */ = {isa = PBXFileReference; lastKnownFileType = image.jpeg; path = ham_and_egg_sandwich.jpg; sourceTree = "<group>"; };
		6553B09B16F03104004125D4 /* hamburger.jpg */ = {isa = PBXFileReference; lastKnownFileType = image.jpeg; path = hamburger.jpg; sourceTree = "<group>"; };
		6553B09C16F03104004125D4 /* instant_noodle_with_egg.jpg */ = {isa = PBXFileReference; lastKnownFileType = image.jpeg; path = instant_noodle_with_egg.jpg; sourceTree = "<group>"; };
		6553B09D16F03104004125D4 /* japanese_noodle_with_pork.jpg */ = {isa = PBXFileReference; lastKnownFileType = image.jpeg; path = japanese_noodle_with_pork.jpg; sourceTree = "<group>"; };
		6553B09E16F03104004125D4 /* mushroom_risotto.jpg */ = {isa = PBXFileReference; lastKnownFileType = image.jpeg; path = mushroom_risotto.jpg; sourceTree = "<group>"; };
		6553B09F16F03104004125D4 /* noodle_with_bbq_pork.jpg */ = {isa = PBXFileReference; lastKnownFileType = image.jpeg; path = noodle_with_bbq_pork.jpg; sourceTree = "<group>"; };
		6553B0A016F03104004125D4 /* starbucks_coffee.jpg */ = {isa = PBXFileReference; lastKnownFileType = image.jpeg; path = starbucks_coffee.jpg; sourceTree = "<group>"; };
		6553B0A116F03104004125D4 /* thai_shrimp_cake.jpg */ = {isa = PBXFileReference; lastKnownFileType = image.jpeg; path = thai_shrimp_cake.jpg; sourceTree = "<group>"; };
		6553B0A216F03104004125D4 /* vegetable_curry.jpg */ = {isa = PBXFileReference; lastKnownFileType = image.jpeg; path = vegetable_curry.jpg; sourceTree = "<group>"; };
		6553B0A316F03104004125D4 /* white_chocolate_donut.jpg */ = {isa = PBXFileReference; lastKnownFileType = image.jpeg; path = white_chocolate_donut.jpg; sourceTree = "<group>"; };
		6553B0B316F03201004125D4 /* photo-frame-selected.png */ = {isa = PBXFileReference; lastKnownFileType = image.png; path = "photo-frame-selected.png"; sourceTree = "<group>"; };
		6553B0B416F03201004125D4 /* photo-frame.png */ = {isa = PBXFileReference; lastKnownFileType = image.png; path = "photo-frame.png"; sourceTree = "<group>"; };
		6553B0B516F03201004125D4 /* photo-frame@2x.png */ = {isa = PBXFileReference; lastKnownFileType = image.png; path = "photo-frame@2x.png"; sourceTree = "<group>"; };
		6553B0B916F039E2004125D4 /* ServicesDetailViewController.h */ = {isa = PBXFileReference; fileEncoding = 4; lastKnownFileType = sourcecode.c.h; path = ServicesDetailViewController.h; sourceTree = "<group>"; };
		6553B0BA16F039E2004125D4 /* ServicesDetailViewController.m */ = {isa = PBXFileReference; fileEncoding = 4; lastKnownFileType = sourcecode.c.objc; path = ServicesDetailViewController.m; sourceTree = "<group>"; };
		6580AED216DEEF6E0051F1FB /* spinningHalfApp1.app */ = {isa = PBXFileReference; explicitFileType = wrapper.application; includeInIndex = 0; path = spinningHalfApp1.app; sourceTree = BUILT_PRODUCTS_DIR; };
		6580AED616DEEF6E0051F1FB /* UIKit.framework */ = {isa = PBXFileReference; lastKnownFileType = wrapper.framework; name = UIKit.framework; path = System/Library/Frameworks/UIKit.framework; sourceTree = SDKROOT; };
		6580AED816DEEF6E0051F1FB /* Foundation.framework */ = {isa = PBXFileReference; lastKnownFileType = wrapper.framework; name = Foundation.framework; path = System/Library/Frameworks/Foundation.framework; sourceTree = SDKROOT; };
		6580AEDA16DEEF6E0051F1FB /* CoreGraphics.framework */ = {isa = PBXFileReference; lastKnownFileType = wrapper.framework; name = CoreGraphics.framework; path = System/Library/Frameworks/CoreGraphics.framework; sourceTree = SDKROOT; };
		6580AEDE16DEEF6E0051F1FB /* spinningHalfApp1-Info.plist */ = {isa = PBXFileReference; lastKnownFileType = text.plist.xml; path = "spinningHalfApp1-Info.plist"; sourceTree = "<group>"; };
		6580AEE016DEEF6E0051F1FB /* en */ = {isa = PBXFileReference; lastKnownFileType = text.plist.strings; name = en; path = en.lproj/InfoPlist.strings; sourceTree = "<group>"; };
		6580AEE216DEEF6E0051F1FB /* main.m */ = {isa = PBXFileReference; lastKnownFileType = sourcecode.c.objc; path = main.m; sourceTree = "<group>"; };
		6580AEE416DEEF6E0051F1FB /* spinningHalfApp1-Prefix.pch */ = {isa = PBXFileReference; lastKnownFileType = sourcecode.c.h; path = "spinningHalfApp1-Prefix.pch"; sourceTree = "<group>"; };
		6580AEE516DEEF6E0051F1FB /* AppDelegate.h */ = {isa = PBXFileReference; lastKnownFileType = sourcecode.c.h; path = AppDelegate.h; sourceTree = "<group>"; };
		6580AEE616DEEF6E0051F1FB /* AppDelegate.m */ = {isa = PBXFileReference; lastKnownFileType = sourcecode.c.objc; path = AppDelegate.m; sourceTree = "<group>"; };
		6580AEE816DEEF6E0051F1FB /* Default.png */ = {isa = PBXFileReference; lastKnownFileType = image.png; path = Default.png; sourceTree = "<group>"; };
		6580AEEA16DEEF6E0051F1FB /* Default@2x.png */ = {isa = PBXFileReference; lastKnownFileType = image.png; path = "Default@2x.png"; sourceTree = "<group>"; };
		6580AEEC16DEEF6E0051F1FB /* Default-568h@2x.png */ = {isa = PBXFileReference; lastKnownFileType = image.png; path = "Default-568h@2x.png"; sourceTree = "<group>"; };
		6580AEEF16DEEF6E0051F1FB /* en */ = {isa = PBXFileReference; lastKnownFileType = file.storyboard; name = en; path = en.lproj/MainStoryboard.storyboard; sourceTree = "<group>"; };
		6580AEF116DEEF6E0051F1FB /* FirstViewController.h */ = {isa = PBXFileReference; lastKnownFileType = sourcecode.c.h; path = FirstViewController.h; sourceTree = "<group>"; };
		6580AEF216DEEF6E0051F1FB /* FirstViewController.m */ = {isa = PBXFileReference; lastKnownFileType = sourcecode.c.objc; path = FirstViewController.m; sourceTree = "<group>"; };
		6580AEF416DEEF6E0051F1FB /* first.png */ = {isa = PBXFileReference; lastKnownFileType = image.png; path = first.png; sourceTree = "<group>"; };
		6580AEF616DEEF6E0051F1FB /* first@2x.png */ = {isa = PBXFileReference; lastKnownFileType = image.png; path = "first@2x.png"; sourceTree = "<group>"; };
		6580AEF816DEEF6E0051F1FB /* SecondViewController.h */ = {isa = PBXFileReference; lastKnownFileType = sourcecode.c.h; path = SecondViewController.h; sourceTree = "<group>"; };
		6580AEF916DEEF6E0051F1FB /* SecondViewController.m */ = {isa = PBXFileReference; lastKnownFileType = sourcecode.c.objc; path = SecondViewController.m; sourceTree = "<group>"; };
		6580AEFB16DEEF6E0051F1FB /* second.png */ = {isa = PBXFileReference; lastKnownFileType = image.png; path = second.png; sourceTree = "<group>"; };
		6580AEFD16DEEF6E0051F1FB /* second@2x.png */ = {isa = PBXFileReference; lastKnownFileType = image.png; path = "second@2x.png"; sourceTree = "<group>"; };
		6580AF0416DEF00A0051F1FB /* ThirdViewController.h */ = {isa = PBXFileReference; fileEncoding = 4; lastKnownFileType = sourcecode.c.h; path = ThirdViewController.h; sourceTree = "<group>"; };
		6580AF0516DEF00A0051F1FB /* ThirdViewController.m */ = {isa = PBXFileReference; fileEncoding = 4; lastKnownFileType = sourcecode.c.objc; path = ThirdViewController.m; sourceTree = "<group>"; };
		6580AF0716DEF0160051F1FB /* FourthViewController.h */ = {isa = PBXFileReference; fileEncoding = 4; lastKnownFileType = sourcecode.c.h; path = FourthViewController.h; sourceTree = "<group>"; };
		6580AF0816DEF0160051F1FB /* FourthViewController.m */ = {isa = PBXFileReference; fileEncoding = 4; lastKnownFileType = sourcecode.c.objc; path = FourthViewController.m; sourceTree = "<group>"; };
		6580AF0A16DEF3560051F1FB /* fourth.png */ = {isa = PBXFileReference; lastKnownFileType = image.png; path = fourth.png; sourceTree = "<group>"; };
		6580AF0B16DEF3570051F1FB /* fourth@2x.png */ = {isa = PBXFileReference; lastKnownFileType = image.png; path = "fourth@2x.png"; sourceTree = "<group>"; };
		6580AF0E16DEF35E0051F1FB /* third.png */ = {isa = PBXFileReference; lastKnownFileType = image.png; path = third.png; sourceTree = "<group>"; };
		6580AF0F16DEF35E0051F1FB /* third@2x.png */ = {isa = PBXFileReference; lastKnownFileType = image.png; path = "third@2x.png"; sourceTree = "<group>"; };
		65CC2DB716F7F93D00DAD951 /* ContactDetailViewController.h */ = {isa = PBXFileReference; fileEncoding = 4; lastKnownFileType = sourcecode.c.h; name = ContactDetailViewController.h; path = ../ContactDetailViewController.h; sourceTree = "<group>"; };
		65CC2DB816F7F93D00DAD951 /* ContactDetailViewController.m */ = {isa = PBXFileReference; fileEncoding = 4; lastKnownFileType = sourcecode.c.objc; name = ContactDetailViewController.m; path = ../ContactDetailViewController.m; sourceTree = "<group>"; };
		65CC2DBB16F808AC00DAD951 /* MessageUI.framework */ = {isa = PBXFileReference; lastKnownFileType = wrapper.framework; name = MessageUI.framework; path = System/Library/Frameworks/MessageUI.framework; sourceTree = SDKROOT; };
		65D4796416E57C3C00A48D07 /* Gig.h */ = {isa = PBXFileReference; fileEncoding = 4; lastKnownFileType = sourcecode.c.h; path = Gig.h; sourceTree = "<group>"; };
		65D4796516E57C3C00A48D07 /* Gig.m */ = {isa = PBXFileReference; fileEncoding = 4; lastKnownFileType = sourcecode.c.objc; path = Gig.m; sourceTree = "<group>"; };
		65D4796916E597D500A48D07 /* green_tea.jpg */ = {isa = PBXFileReference; lastKnownFileType = image.jpeg; path = green_tea.jpg; sourceTree = "<group>"; };
		65D4796B16E5ACE600A48D07 /* GigDetailViewController.h */ = {isa = PBXFileReference; fileEncoding = 4; lastKnownFileType = sourcecode.c.h; path = GigDetailViewController.h; sourceTree = "<group>"; };
		65D4796C16E5ACE600A48D07 /* GigDetailViewController.m */ = {isa = PBXFileReference; fileEncoding = 4; lastKnownFileType = sourcecode.c.objc; path = GigDetailViewController.m; sourceTree = "<group>"; };
/* End PBXFileReference section */

/* Begin PBXFrameworksBuildPhase section */
		6580AECF16DEEF6E0051F1FB /* Frameworks */ = {
			isa = PBXFrameworksBuildPhase;
			buildActionMask = 2147483647;
			files = (
				65CC2DBC16F808AC00DAD951 /* MessageUI.framework in Frameworks */,
				65129BAB16E7072C00F2B506 /* libsqlite3.dylib in Frameworks */,
				6580AED716DEEF6E0051F1FB /* UIKit.framework in Frameworks */,
				6580AED916DEEF6E0051F1FB /* Foundation.framework in Frameworks */,
				6580AEDB16DEEF6E0051F1FB /* CoreGraphics.framework in Frameworks */,
			);
			runOnlyForDeploymentPostprocessing = 0;
		};
/* End PBXFrameworksBuildPhase section */

/* Begin PBXGroup section */
		6580AEC716DEEF6E0051F1FB = {
			isa = PBXGroup;
			children = (
				65CC2DBB16F808AC00DAD951 /* MessageUI.framework */,
				65129BAA16E7072C00F2B506 /* libsqlite3.dylib */,
				6580AEDC16DEEF6E0051F1FB /* spinningHalfApp1 */,
				6580AED516DEEF6E0051F1FB /* Frameworks */,
				6580AED316DEEF6E0051F1FB /* Products */,
			);
			sourceTree = "<group>";
		};
		6580AED316DEEF6E0051F1FB /* Products */ = {
			isa = PBXGroup;
			children = (
				6580AED216DEEF6E0051F1FB /* spinningHalfApp1.app */,
			);
			name = Products;
			sourceTree = "<group>";
		};
		6580AED516DEEF6E0051F1FB /* Frameworks */ = {
			isa = PBXGroup;
			children = (
				6580AED616DEEF6E0051F1FB /* UIKit.framework */,
				6580AED816DEEF6E0051F1FB /* Foundation.framework */,
				6580AEDA16DEEF6E0051F1FB /* CoreGraphics.framework */,
			);
			name = Frameworks;
			sourceTree = "<group>";
		};
		6580AEDC16DEEF6E0051F1FB /* spinningHalfApp1 */ = {
			isa = PBXGroup;
			children = (
				6580AEE516DEEF6E0051F1FB /* AppDelegate.h */,
				6580AEE616DEEF6E0051F1FB /* AppDelegate.m */,
				65129BA216E7065F00F2B506 /* DAO.h */,
				65129BA316E7065F00F2B506 /* DAO.m */,
				6580AEEE16DEEF6E0051F1FB /* MainStoryboard.storyboard */,
				65D4796B16E5ACE600A48D07 /* GigDetailViewController.h */,
				65D4796C16E5ACE600A48D07 /* GigDetailViewController.m */,
				65D4796416E57C3C00A48D07 /* Gig.h */,
				65D4796516E57C3C00A48D07 /* Gig.m */,
				6580AEF116DEEF6E0051F1FB /* FirstViewController.h */,
				6580AEF216DEEF6E0051F1FB /* FirstViewController.m */,
				6580AEF416DEEF6E0051F1FB /* first.png */,
				6580AEF616DEEF6E0051F1FB /* first@2x.png */,
				6580AF0A16DEF3560051F1FB /* fourth.png */,
				6580AF0E16DEF35E0051F1FB /* third.png */,
				6580AF0F16DEF35E0051F1FB /* third@2x.png */,
				6580AF0B16DEF3570051F1FB /* fourth@2x.png */,
				6580AF0716DEF0160051F1FB /* FourthViewController.h */,
				6580AF0816DEF0160051F1FB /* FourthViewController.m */,
				65CC2DB716F7F93D00DAD951 /* ContactDetailViewController.h */,
				65CC2DB816F7F93D00DAD951 /* ContactDetailViewController.m */,
				6580AEF816DEEF6E0051F1FB /* SecondViewController.h */,
				6580AEF916DEEF6E0051F1FB /* SecondViewController.m */,
				6553B08A16F02811004125D4 /* ServicesCollectionViewController.h */,
				6553B08B16F02811004125D4 /* ServicesCollectionViewController.m */,
				6553B09216F02ADF004125D4 /* ServicesCollectionHeaderView.h */,
				6553B09316F02ADF004125D4 /* ServicesCollectionHeaderView.m */,
				6553B0B916F039E2004125D4 /* ServicesDetailViewController.h */,
				6553B0BA16F039E2004125D4 /* ServicesDetailViewController.m */,
				6580AEFB16DEEF6E0051F1FB /* second.png */,
				6580AEFD16DEEF6E0051F1FB /* second@2x.png */,
				6580AF0416DEF00A0051F1FB /* ThirdViewController.h */,
				6580AF0516DEF00A0051F1FB /* ThirdViewController.m */,
				65D4796816E597AB00A48D07 /* images */,
				6580AEDD16DEEF6E0051F1FB /* Supporting Files */,
			);
			path = spinningHalfApp1;
			sourceTree = "<group>";
		};
		6580AEDD16DEEF6E0051F1FB /* Supporting Files */ = {
			isa = PBXGroup;
			children = (
				6580AEDE16DEEF6E0051F1FB /* spinningHalfApp1-Info.plist */,
				6580AEDF16DEEF6E0051F1FB /* InfoPlist.strings */,
				6580AEE216DEEF6E0051F1FB /* main.m */,
				6580AEE416DEEF6E0051F1FB /* spinningHalfApp1-Prefix.pch */,
				6580AEE816DEEF6E0051F1FB /* Default.png */,
				6580AEEA16DEEF6E0051F1FB /* Default@2x.png */,
				6580AEEC16DEEF6E0051F1FB /* Default-568h@2x.png */,
			);
			name = "Supporting Files";
			sourceTree = "<group>";
		};
		65D4796816E597AB00A48D07 /* images */ = {
			isa = PBXGroup;
			children = (
				6553B0B316F03201004125D4 /* photo-frame-selected.png */,
				6553B0B416F03201004125D4 /* photo-frame.png */,
				6553B0B516F03201004125D4 /* photo-frame@2x.png */,
				6553B08E16F02948004125D4 /* footer_banner.png */,
				6553B08F16F02948004125D4 /* header_banner.png */,
				6553B09516F03104004125D4 /* angry_birds_cake.jpg */,
				6553B09616F03104004125D4 /* creme_brelee.jpg */,
				6553B09716F03104004125D4 /* egg_benedict.jpg */,
				6553B09816F03104004125D4 /* full_breakfast.jpg */,
				6553B09916F03104004125D4 /* ham_and_cheese_panini.jpg */,
				6553B09A16F03104004125D4 /* ham_and_egg_sandwich.jpg */,
				6553B09B16F03104004125D4 /* hamburger.jpg */,
				6553B09C16F03104004125D4 /* instant_noodle_with_egg.jpg */,
				6553B09D16F03104004125D4 /* japanese_noodle_with_pork.jpg */,
				6553B09E16F03104004125D4 /* mushroom_risotto.jpg */,
				6553B09F16F03104004125D4 /* noodle_with_bbq_pork.jpg */,
				6553B0A016F03104004125D4 /* starbucks_coffee.jpg */,
				6553B0A116F03104004125D4 /* thai_shrimp_cake.jpg */,
				6553B0A216F03104004125D4 /* vegetable_curry.jpg */,
				6553B0A316F03104004125D4 /* white_chocolate_donut.jpg */,
				65D4796916E597D500A48D07 /* green_tea.jpg */,
			);
			name = images;
			sourceTree = "<group>";
		};
/* End PBXGroup section */

/* Begin PBXNativeTarget section */
		6580AED116DEEF6E0051F1FB /* spinningHalfApp1 */ = {
			isa = PBXNativeTarget;
			buildConfigurationList = 6580AF0116DEEF6E0051F1FB /* Build configuration list for PBXNativeTarget "spinningHalfApp1" */;
			buildPhases = (
				6580AECE16DEEF6E0051F1FB /* Sources */,
				6580AECF16DEEF6E0051F1FB /* Frameworks */,
				6580AED016DEEF6E0051F1FB /* Resources */,
			);
			buildRules = (
			);
			dependencies = (
			);
			name = spinningHalfApp1;
			productName = spinningHalfApp1;
			productReference = 6580AED216DEEF6E0051F1FB /* spinningHalfApp1.app */;
			productType = "com.apple.product-type.application";
		};
/* End PBXNativeTarget section */

/* Begin PBXProject section */
		6580AEC916DEEF6E0051F1FB /* Project object */ = {
			isa = PBXProject;
			attributes = {
				LastUpgradeCheck = 0450;
				ORGANIZATIONNAME = "andre trosky";
			};
			buildConfigurationList = 6580AECC16DEEF6E0051F1FB /* Build configuration list for PBXProject "spinningHalfApp1" */;
			compatibilityVersion = "Xcode 3.2";
			developmentRegion = English;
			hasScannedForEncodings = 0;
			knownRegions = (
				en,
			);
			mainGroup = 6580AEC716DEEF6E0051F1FB;
			productRefGroup = 6580AED316DEEF6E0051F1FB /* Products */;
			projectDirPath = "";
			projectRoot = "";
			targets = (
				6580AED116DEEF6E0051F1FB /* spinningHalfApp1 */,
			);
		};
/* End PBXProject section */

/* Begin PBXResourcesBuildPhase section */
		6580AED016DEEF6E0051F1FB /* Resources */ = {
			isa = PBXResourcesBuildPhase;
			buildActionMask = 2147483647;
			files = (
				6580AEE116DEEF6E0051F1FB /* InfoPlist.strings in Resources */,
				6580AEE916DEEF6E0051F1FB /* Default.png in Resources */,
				6580AEEB16DEEF6E0051F1FB /* Default@2x.png in Resources */,
				6580AEED16DEEF6E0051F1FB /* Default-568h@2x.png in Resources */,
				6580AEF016DEEF6E0051F1FB /* MainStoryboard.storyboard in Resources */,
				6580AEF516DEEF6E0051F1FB /* first.png in Resources */,
				6580AEF716DEEF6E0051F1FB /* first@2x.png in Resources */,
				6580AEFC16DEEF6E0051F1FB /* second.png in Resources */,
				6580AEFE16DEEF6E0051F1FB /* second@2x.png in Resources */,
				6580AF0C16DEF3570051F1FB /* fourth.png in Resources */,
				6580AF0D16DEF3570051F1FB /* fourth@2x.png in Resources */,
				6580AF1016DEF35E0051F1FB /* third.png in Resources */,
				6580AF1116DEF35E0051F1FB /* third@2x.png in Resources */,
				65D4796A16E597D500A48D07 /* green_tea.jpg in Resources */,
				6553B09016F02948004125D4 /* footer_banner.png in Resources */,
				6553B09116F02948004125D4 /* header_banner.png in Resources */,
				6553B0A416F03104004125D4 /* angry_birds_cake.jpg in Resources */,
				6553B0A516F03104004125D4 /* creme_brelee.jpg in Resources */,
				6553B0A616F03104004125D4 /* egg_benedict.jpg in Resources */,
				6553B0A716F03104004125D4 /* full_breakfast.jpg in Resources */,
				6553B0A816F03104004125D4 /* ham_and_cheese_panini.jpg in Resources */,
				6553B0A916F03104004125D4 /* ham_and_egg_sandwich.jpg in Resources */,
				6553B0AA16F03104004125D4 /* hamburger.jpg in Resources */,
				6553B0AB16F03104004125D4 /* instant_noodle_with_egg.jpg in Resources */,
				6553B0AC16F03104004125D4 /* japanese_noodle_with_pork.jpg in Resources */,
				6553B0AD16F03104004125D4 /* mushroom_risotto.jpg in Resources */,
				6553B0AE16F03104004125D4 /* noodle_with_bbq_pork.jpg in Resources */,
				6553B0AF16F03104004125D4 /* starbucks_coffee.jpg in Resources */,
				6553B0B016F03104004125D4 /* thai_shrimp_cake.jpg in Resources */,
				6553B0B116F03104004125D4 /* vegetable_curry.jpg in Resources */,
				6553B0B216F03104004125D4 /* white_chocolate_donut.jpg in Resources */,
				6553B0B616F03202004125D4 /* photo-frame-selected.png in Resources */,
				6553B0B716F03202004125D4 /* photo-frame.png in Resources */,
				6553B0B816F03202004125D4 /* photo-frame@2x.png in Resources */,
			);
			runOnlyForDeploymentPostprocessing = 0;
		};
/* End PBXResourcesBuildPhase section */

/* Begin PBXSourcesBuildPhase section */
		6580AECE16DEEF6E0051F1FB /* Sources */ = {
			isa = PBXSourcesBuildPhase;
			buildActionMask = 2147483647;
			files = (
				6580AEE316DEEF6E0051F1FB /* main.m in Sources */,
				6580AEE716DEEF6E0051F1FB /* AppDelegate.m in Sources */,
				6580AEF316DEEF6E0051F1FB /* FirstViewController.m in Sources */,
				6580AEFA16DEEF6E0051F1FB /* SecondViewController.m in Sources */,
				6580AF0616DEF00A0051F1FB /* ThirdViewController.m in Sources */,
				6580AF0916DEF0160051F1FB /* FourthViewController.m in Sources */,
				65D4796616E57C3C00A48D07 /* Gig.m in Sources */,
				65D4796D16E5ACE600A48D07 /* GigDetailViewController.m in Sources */,
				65129BA416E7065F00F2B506 /* DAO.m in Sources */,
				6553B08C16F02811004125D4 /* ServicesCollectionViewController.m in Sources */,
				6553B09416F02ADF004125D4 /* ServicesCollectionHeaderView.m in Sources */,
				6553B0BB16F039E2004125D4 /* ServicesDetailViewController.m in Sources */,
				65CC2DB916F7F93D00DAD951 /* ContactDetailViewController.m in Sources */,
			);
			runOnlyForDeploymentPostprocessing = 0;
		};
/* End PBXSourcesBuildPhase section */

/* Begin PBXVariantGroup section */
		6580AEDF16DEEF6E0051F1FB /* InfoPlist.strings */ = {
			isa = PBXVariantGroup;
			children = (
				6580AEE016DEEF6E0051F1FB /* en */,
			);
			name = InfoPlist.strings;
			sourceTree = "<group>";
		};
		6580AEEE16DEEF6E0051F1FB /* MainStoryboard.storyboard */ = {
			isa = PBXVariantGroup;
			children = (
				6580AEEF16DEEF6E0051F1FB /* en */,
			);
			name = MainStoryboard.storyboard;
			sourceTree = "<group>";
		};
/* End PBXVariantGroup section */

/* Begin XCBuildConfiguration section */
		6580AEFF16DEEF6E0051F1FB /* Debug */ = {
			isa = XCBuildConfiguration;
			buildSettings = {
				ALWAYS_SEARCH_USER_PATHS = NO;
				CLANG_CXX_LANGUAGE_STANDARD = "gnu++0x";
				CLANG_CXX_LIBRARY = "libc++";
				CLANG_ENABLE_OBJC_ARC = YES;
				CLANG_WARN_EMPTY_BODY = YES;
				CLANG_WARN__DUPLICATE_METHOD_MATCH = YES;
				"CODE_SIGN_IDENTITY[sdk=iphoneos*]" = "iPhone Developer";
				COPY_PHASE_STRIP = NO;
				GCC_C_LANGUAGE_STANDARD = gnu99;
				GCC_DYNAMIC_NO_PIC = NO;
				GCC_OPTIMIZATION_LEVEL = 0;
				GCC_PREPROCESSOR_DEFINITIONS = (
					"DEBUG=1",
					"$(inherited)",
				);
				GCC_SYMBOLS_PRIVATE_EXTERN = NO;
				GCC_WARN_ABOUT_RETURN_TYPE = YES;
				GCC_WARN_UNINITIALIZED_AUTOS = YES;
				GCC_WARN_UNUSED_VARIABLE = YES;
				IPHONEOS_DEPLOYMENT_TARGET = 6.0;
				ONLY_ACTIVE_ARCH = YES;
				SDKROOT = iphoneos;
			};
			name = Debug;
		};
		6580AF0016DEEF6E0051F1FB /* Release */ = {
			isa = XCBuildConfiguration;
			buildSettings = {
				ALWAYS_SEARCH_USER_PATHS = NO;
				CLANG_CXX_LANGUAGE_STANDARD = "gnu++0x";
				CLANG_CXX_LIBRARY = "libc++";
				CLANG_ENABLE_OBJC_ARC = YES;
				CLANG_WARN_EMPTY_BODY = YES;
				CLANG_WARN__DUPLICATE_METHOD_MATCH = YES;
				"CODE_SIGN_IDENTITY[sdk=iphoneos*]" = "iPhone Developer";
				COPY_PHASE_STRIP = YES;
				GCC_C_LANGUAGE_STANDARD = gnu99;
				GCC_WARN_ABOUT_RETURN_TYPE = YES;
				GCC_WARN_UNINITIALIZED_AUTOS = YES;
				GCC_WARN_UNUSED_VARIABLE = YES;
				IPHONEOS_DEPLOYMENT_TARGET = 6.0;
				OTHER_CFLAGS = "-DNS_BLOCK_ASSERTIONS=1";
				SDKROOT = iphoneos;
				VALIDATE_PRODUCT = YES;
			};
			name = Release;
		};
		6580AF0216DEEF6E0051F1FB /* Debug */ = {
			isa = XCBuildConfiguration;
			buildSettings = {
				GCC_PRECOMPILE_PREFIX_HEADER = YES;
				GCC_PREFIX_HEADER = "spinningHalfApp1/spinningHalfApp1-Prefix.pch";
				INFOPLIST_FILE = "spinningHalfApp1/spinningHalfApp1-Info.plist";
				PRODUCT_NAME = "$(TARGET_NAME)";
				WRAPPER_EXTENSION = app;
			};
			name = Debug;
		};
		6580AF0316DEEF6E0051F1FB /* Release */ = {
			isa = XCBuildConfiguration;
			buildSettings = {
				GCC_PRECOMPILE_PREFIX_HEADER = YES;
				GCC_PREFIX_HEADER = "spinningHalfApp1/spinningHalfApp1-Prefix.pch";
				INFOPLIST_FILE = "spinningHalfApp1/spinningHalfApp1-Info.plist";
				PRODUCT_NAME = "$(TARGET_NAME)";
				WRAPPER_EXTENSION = app;
			};
			name = Release;
		};
/* End XCBuildConfiguration section */

/* Begin XCConfigurationList section */
		6580AECC16DEEF6E0051F1FB /* Build configuration list for PBXProject "spinningHalfApp1" */ = {
			isa = XCConfigurationList;
			buildConfigurations = (
				6580AEFF16DEEF6E0051F1FB /* Debug */,
				6580AF0016DEEF6E0051F1FB /* Release */,
			);
			defaultConfigurationIsVisible = 0;
			defaultConfigurationName = Release;
		};
		6580AF0116DEEF6E0051F1FB /* Build configuration list for PBXNativeTarget "spinningHalfApp1" */ = {
			isa = XCConfigurationList;
			buildConfigurations = (
				6580AF0216DEEF6E0051F1FB /* Debug */,
				6580AF0316DEEF6E0051F1FB /* Release */,
			);
			defaultConfigurationIsVisible = 0;
			defaultConfigurationName = Release;
		};
/* End XCConfigurationList section */
	};
	rootObject = 6580AEC916DEEF6E0051F1FB /* Project object */;
}
